
Microsoft Visual Studio Solution File, Format Version 12.00
# Visual Studio Version 17
VisualStudioVersion = 17.5.33627.172
MinimumVisualStudioVersion = 10.0.40219.1
Project("{9A19103F-16F7-4668-BE54-9A1E7A4F7556}") = "HM.Api", "HM.Api\HM.Api.csproj", "{FA61AB05-80D5-4AA7-BB0A-9014ECF5FAEB}"
EndProject
Project("{FAE04EC0-301F-11D3-BF4B-00C04F79EFBC}") = "HM.DAL", "HM.DAL\HM.DAL.csproj", "{B4E49393-83DA-4D64-B880-D41149361CE5}"
EndProject
Project("{FAE04EC0-301F-11D3-BF4B-00C04F79EFBC}") = "HM.BAL", "HM.BAL\HM.BAL.csproj", "{31807D3D-7AFC-4787-AE95-5ECBED06254E}"
EndProject
Global
	GlobalSection(SolutionConfigurationPlatforms) = preSolution
		Debug|Any CPU = Debug|Any CPU
		Release|Any CPU = Release|Any CPU
	EndGlobalSection
	GlobalSection(ProjectConfigurationPlatforms) = postSolution
		{FA61AB05-80D5-4AA7-BB0A-9014ECF5FAEB}.Debug|Any CPU.ActiveCfg = Debug|Any CPU
		{FA61AB05-80D5-4AA7-BB0A-9014ECF5FAEB}.Debug|Any CPU.Build.0 = Debug|Any CPU
		{FA61AB05-80D5-4AA7-BB0A-9014ECF5FAEB}.Release|Any CPU.ActiveCfg = Release|Any CPU
		{FA61AB05-80D5-4AA7-BB0A-9014ECF5FAEB}.Release|Any CPU.Build.0 = Release|Any CPU
		{B4E49393-83DA-4D64-B880-D41149361CE5}.Debug|Any CPU.ActiveCfg = Debug|Any CPU
		{B4E49393-83DA-4D64-B880-D41149361CE5}.Debug|Any CPU.Build.0 = Debug|Any CPU
		{B4E49393-83DA-4D64-B880-D41149361CE5}.Release|Any CPU.ActiveCfg = Release|Any CPU
		{B4E49393-83DA-4D64-B880-D41149361CE5}.Release|Any CPU.Build.0 = Release|Any CPU
		{31807D3D-7AFC-4787-AE95-5ECBED06254E}.Debug|Any CPU.ActiveCfg = Debug|Any CPU
		{31807D3D-7AFC-4787-AE95-5ECBED06254E}.Debug|Any CPU.Build.0 = Debug|Any CPU
		{31807D3D-7AFC-4787-AE95-5ECBED06254E}.Release|Any CPU.ActiveCfg = Release|Any CPU
		{31807D3D-7AFC-4787-AE95-5ECBED06254E}.Release|Any CPU.Build.0 = Release|Any CPU
	EndGlobalSection
	GlobalSection(SolutionProperties) = preSolution
		HideSolutionNode = FALSE
	EndGlobalSection
	GlobalSection(ExtensibilityGlobals) = postSolution
		SolutionGuid = {1B05BD7C-1D42-465B-96DF-535CF9E9D1FD}
	EndGlobalSection
EndGlobal
